// !$*UTF8*$!
{
	archiveVersion = 1;
	classes = {
	};
	objectVersion = 46;
	objects = {

/* Begin PBXBuildFile section */
		637B9EEC20B3C4FC0071092F /* node.cpp in Sources */ = {isa = PBXBuildFile; fileRef = 637B9EEA20B3C4FC0071092F /* node.cpp */; };
		63C1E53D20B349B7003E77CE /* main.cpp in Sources */ = {isa = PBXBuildFile; fileRef = 63C1E53C20B349B7003E77CE /* main.cpp */; };
		63C1E54520B349D8003E77CE /* sequence.cpp in Sources */ = {isa = PBXBuildFile; fileRef = 63C1E54320B349D8003E77CE /* sequence.cpp */; };
/* End PBXBuildFile section */

/* Begin PBXCopyFilesBuildPhase section */
		63C1E53720B349B7003E77CE /* CopyFiles */ = {
			isa = PBXCopyFilesBuildPhase;
			buildActionMask = 2147483647;
			dstPath = /usr/share/man/man1/;
			dstSubfolderSpec = 0;
			files = (
			);
			runOnlyForDeploymentPostprocessing = 1;
		};
/* End PBXCopyFilesBuildPhase section */

/* Begin PBXFileReference section */
		637B9EEA20B3C4FC0071092F /* node.cpp */ = {isa = PBXFileReference; fileEncoding = 4; lastKnownFileType = sourcecode.cpp.cpp; name = node.cpp; path = ../../Lab6p1/Lab6p1/node.cpp; sourceTree = "<group>"; };
		637B9EEB20B3C4FC0071092F /* node.h */ = {isa = PBXFileReference; fileEncoding = 4; lastKnownFileType = sourcecode.c.h; name = node.h; path = ../../Lab6p1/Lab6p1/node.h; sourceTree = "<group>"; };
		63C1E53920B349B7003E77CE /* Lab6p2 */ = {isa = PBXFileReference; explicitFileType = "compiled.mach-o.executable"; includeInIndex = 0; path = Lab6p2; sourceTree = BUILT_PRODUCTS_DIR; };
		63C1E53C20B349B7003E77CE /* main.cpp */ = {isa = PBXFileReference; lastKnownFileType = sourcecode.cpp.cpp; path = main.cpp; sourceTree = "<group>"; };
		63C1E54320B349D8003E77CE /* sequence.cpp */ = {isa = PBXFileReference; fileEncoding = 4; lastKnownFileType = sourcecode.cpp.cpp; path = sequence.cpp; sourceTree = "<group>"; };
		63C1E54420B349D8003E77CE /* sequence.h */ = {isa = PBXFileReference; fileEncoding = 4; lastKnownFileType = sourcecode.c.h; path = sequence.h; sourceTree = "<group>"; };
/* End PBXFileReference section */

/* Begin PBXFrameworksBuildPhase section */
		63C1E53620B349B7003E77CE /* Frameworks */ = {
			isa = PBXFrameworksBuildPhase;
			buildActionMask = 2147483647;
			files = (
			);
			runOnlyForDeploymentPostprocessing = 0;
		};
/* End PBXFrameworksBuildPhase section */

/* Begin PBXGroup section */
		63C1E53020B349B7003E77CE = {
			isa = PBXGroup;
			children = (
				63C1E53B20B349B7003E77CE /* Lab6p2 */,
				63C1E53A20B349B7003E77CE /* Products */,
			);
			sourceTree = "<group>";
		};
		63C1E53A20B349B7003E77CE /* Products */ = {
			isa = PBXGroup;
			children = (
				63C1E53920B349B7003E77CE /* Lab6p2 */,
			);
			name = Products;
			sourceTree = "<group>";
		};
		63C1E53B20B349B7003E77CE /* Lab6p2 */ = {
			isa = PBXGroup;
			children = (
				63C1E53C20B349B7003E77CE /* main.cpp */,
				63C1E54320B349D8003E77CE /* sequence.cpp */,
				63C1E54420B349D8003E77CE /* sequence.h */,
				637B9EEA20B3C4FC0071092F /* node.cpp */,
				637B9EEB20B3C4FC0071092F /* node.h */,
			);
			path = Lab6p2;
			sourceTree = "<group>";
		};
/* End PBXGroup section */

/* Begin PBXNativeTarget section */
		63C1E53820B349B7003E77CE /* Lab6p2 */ = {
			isa = PBXNativeTarget;
			buildConfigurationList = 63C1E54020B349B7003E77CE /* Build configuration list for PBXNativeTarget "Lab6p2" */;
			buildPhases = (
				63C1E53520B349B7003E77CE /* Sources */,
				63C1E53620B349B7003E77CE /* Frameworks */,
				63C1E53720B349B7003E77CE /* CopyFiles */,
			);
			buildRules = (
			);
			dependencies = (
			);
			name = Lab6p2;
			productName = Lab6p2;
			productReference = 63C1E53920B349B7003E77CE /* Lab6p2 */;
			productType = "com.apple.product-type.tool";
		};
/* End PBXNativeTarget section */

/* Begin PBXProject section */
		63C1E53120B349B7003E77CE /* Project object */ = {
			isa = PBXProject;
			attributes = {
				LastUpgradeCheck = 0730;
				ORGANIZATIONNAME = SCU;
				TargetAttributes = {
					63C1E53820B349B7003E77CE = {
						CreatedOnToolsVersion = 7.3.1;
					};
				};
			};
			buildConfigurationList = 63C1E53420B349B7003E77CE /* Build configuration list for PBXProject "Lab6p2" */;
			compatibilityVersion = "Xcode 3.2";
			developmentRegion = English;
			hasScannedForEncodings = 0;
			knownRegions = (
				en,
			);
			mainGroup = 63C1E53020B349B7003E77CE;
			productRefGroup = 63C1E53A20B349B7003E77CE /* Products */;
			projectDirPath = "";
			projectRoot = "";
			targets = (
				63C1E53820B349B7003E77CE /* Lab6p2 */,
			);
		};
/* End PBXProject section */

/* Begin PBXSourcesBuildPhase section */
		63C1E53520B349B7003E77CE /* Sources */ = {
			isa = PBXSourcesBuildPhase;
			buildActionMask = 2147483647;
			files = (
				63C1E54520B349D8003E77CE /* sequence.cpp in Sources */,
				63C1E53D20B349B7003E77CE /* main.cpp in Sources */,
				637B9EEC20B3C4FC0071092F /* node.cpp in Sources */,
			);
			runOnlyForDeploymentPostprocessing = 0;
		};
/* End PBXSourcesBuildPhase section */

/* Begin XCBuildConfiguration section */
		63C1E53E20B349B7003E77CE /* Debug */ = {
			isa = XCBuildConfiguration;
			buildSettings = {
				ALWAYS_SEARCH_USER_PATHS = NO;
				CLANG_ANALYZER_NONNULL = YES;
				CLANG_CXX_LANGUAGE_STANDARD = "gnu++0x";
				CLANG_CXX_LIBRARY = "libc++";
				CLANG_ENABLE_MODULES = YES;
				CLANG_ENABLE_OBJC_ARC = YES;
				CLANG_WARN_BOOL_CONVERSION = YES;
				CLANG_WARN_CONSTANT_CONVERSION = YES;
				CLANG_WARN_DIRECT_OBJC_ISA_USAGE = YES_ERROR;
				CLANG_WARN_EMPTY_BODY = YES;
				CLANG_WARN_ENUM_CONVERSION = YES;
				CLANG_WARN_INT_CONVERSION = YES;
				CLANG_WARN_OBJC_ROOT_CLASS = YES_ERROR;
				CLANG_WARN_UNREACHABLE_CODE = YES;
				CLANG_WARN__DUPLICATE_METHOD_MATCH = YES;
				CODE_SIGN_IDENTITY = "-";
				COPY_PHASE_STRIP = NO;
				DEBUG_INFORMATION_FORMAT = dwarf;
				ENABLE_STRICT_OBJC_MSGSEND = YES;
				ENABLE_TESTABILITY = YES;
				GCC_C_LANGUAGE_STANDARD = gnu99;
				GCC_DYNAMIC_NO_PIC = NO;
				GCC_NO_COMMON_BLOCKS = YES;
				GCC_OPTIMIZATION_LEVEL = 0;
				GCC_PREPROCESSOR_DEFINITIONS = (
					"DEBUG=1",
					"$(inherited)",
				);
				GCC_WARN_64_TO_32_BIT_CONVERSION = YES;
				GCC_WARN_ABOUT_RETURN_TYPE = YES_ERROR;
				GCC_WARN_UNDECLARED_SELECTOR = YES;
				GCC_WARN_UNINITIALIZED_AUTOS = YES_AGGRESSIVE;
				GCC_WARN_UNUSED_FUNCTION = YES;
				GCC_WARN_UNUSED_VARIABLE = YES;
				MACOSX_DEPLOYMENT_TARGET = 10.11;
				MTL_ENABLE_DEBUG_INFO = YES;
				ONLY_ACTIVE_ARCH = YES;
				SDKROOT = macosx;
			};
			name = Debug;
		};
		63C1E53F20B349B7003E77CE /* Release */ = {
			isa = XCBuildConfiguration;
			buildSettings = {
				ALWAYS_SEARCH_USER_PATHS = NO;
				CLANG_ANALYZER_NONNULL = YES;
				CLANG_CXX_LANGUAGE_STANDARD = "gnu++0x";
				CLANG_CXX_LIBRARY = "libc++";
				CLANG_ENABLE_MODULES = YES;
				CLANG_ENABLE_OBJC_ARC = YES;
				CLANG_WARN_BOOL_CONVERSION = YES;
				CLANG_WARN_CONSTANT_CONVERSION = YES;
				CLANG_WARN_DIRECT_OBJC_ISA_USAGE = YES_ERROR;
				CLANG_WARN_EMPTY_BODY = YES;
				CLANG_WARN_ENUM_CONVERSION = YES;
				CLANG_WARN_INT_CONVERSION = YES;
				CLANG_WARN_OBJC_ROOT_CLASS = YES_ERROR;
				CLANG_WARN_UNREACHABLE_CODE = YES;
				CLANG_WARN__DUPLICATE_METHOD_MATCH = YES;
				CODE_SIGN_IDENTITY = "-";
				COPY_PHASE_STRIP = NO;
				DEBUG_INFORMATION_FORMAT = "dwarf-with-dsym";
				ENABLE_NS_ASSERTIONS = NO;
				ENABLE_STRICT_OBJC_MSGSEND = YES;
				GCC_C_LANGUAGE_STANDARD = gnu99;
				GCC_NO_COMMON_BLOCKS = YES;
				GCC_WARN_64_TO_32_BIT_CONVERSION = YES;
				GCC_WARN_ABOUT_RETURN_TYPE = YES_ERROR;
				GCC_WARN_UNDECLARED_SELECTOR = YES;
				GCC_WARN_UNINITIALIZED_AUTOS = YES_AGGRESSIVE;
				GCC_WARN_UNUSED_FUNCTION = YES;
				GCC_WARN_UNUSED_VARIABLE = YES;
				MACOSX_DEPLOYMENT_TARGET = 10.11;
				MTL_ENABLE_DEBUG_INFO = NO;
				SDKROOT = macosx;
			};
			name = Release;
		};
		63C1E54120B349B7003E77CE /* Debug */ = {
			isa = XCBuildConfiguration;
			buildSettings = {
				PRODUCT_NAME = "$(TARGET_NAME)";
			};
			name = Debug;
		};
		63C1E54220B349B7003E77CE /* Release */ = {
			isa = XCBuildConfiguration;
			buildSettings = {
				PRODUCT_NAME = "$(TARGET_NAME)";
			};
			name = Release;
		};
/* End XCBuildConfiguration section */

/* Begin XCConfigurationList section */
		63C1E53420B349B7003E77CE /* Build configuration list for PBXProject "Lab6p2" */ = {
			isa = XCConfigurationList;
			buildConfigurations = (
				63C1E53E20B349B7003E77CE /* Debug */,
				63C1E53F20B349B7003E77CE /* Release */,
			);
			defaultConfigurationIsVisible = 0;
			defaultConfigurationName = Release;
		};
		63C1E54020B349B7003E77CE /* Build configuration list for PBXNativeTarget "Lab6p2" */ = {
			isa = XCConfigurationList;
			buildConfigurations = (
				63C1E54120B349B7003E77CE /* Debug */,
				63C1E54220B349B7003E77CE /* Release */,
			);
			defaultConfigurationIsVisible = 0;
			defaultConfigurationName = Release;
		};
/* End XCConfigurationList section */
	};
	rootObject = 63C1E53120B349B7003E77CE /* Project object */;
}
